
Microsoft Visual Studio Solution File, Format Version 12.00
# Visual Studio Version 17
VisualStudioVersion = 17.8.34330.188
MinimumVisualStudioVersion = 10.0.40219.1
Project("{FAE04EC0-301F-11D3-BF4B-00C04F79EFBC}") = "HW_011123", "HW_011123\HW_011123.csproj", "{79A5D056-A50F-4466-9CB5-884C700178CF}"
EndProject
Global
	GlobalSection(SolutionConfigurationPlatforms) = preSolution
		Debug|Any CPU = Debug|Any CPU
		Release|Any CPU = Release|Any CPU
	EndGlobalSection
	GlobalSection(ProjectConfigurationPlatforms) = postSolution
		{79A5D056-A50F-4466-9CB5-884C700178CF}.Debug|Any CPU.ActiveCfg = Debug|Any CPU
		{79A5D056-A50F-4466-9CB5-884C700178CF}.Debug|Any CPU.Build.0 = Debug|Any CPU
		{79A5D056-A50F-4466-9CB5-884C700178CF}.Release|Any CPU.ActiveCfg = Release|Any CPU
		{79A5D056-A50F-4466-9CB5-884C700178CF}.Release|Any CPU.Build.0 = Release|Any CPU
	EndGlobalSection
	GlobalSection(SolutionProperties) = preSolution
		HideSolutionNode = FALSE
	EndGlobalSection
	GlobalSection(ExtensibilityGlobals) = postSolution
		SolutionGuid = {D5EAF764-8265-48C8-9264-1B80BE43CE61}
	EndGlobalSection
EndGlobal
